{
  "name": "cicada-examples",
  "version": "0.0.1",
  "lockfileVersion": 1,
  "requires": true,
  "dependencies": {
    "@babel/runtime-corejs2": {
      "version": "7.4.5",
      "resolved": "https://registry.npmjs.org/@babel/runtime-corejs2/-/runtime-corejs2-7.4.5.tgz",
      "integrity": "sha512-5yLuwzvIDecKwYMzJtiarky4Fb5643H3Ao5jwX0HrMR5oM5mn2iHH9wSZonxwNK0oAjAFUQAiOd4jT7/9Y2jMQ==",
      "requires": {
        "core-js": "^2.6.5",
        "regenerator-runtime": "^0.13.2"
      }
    },
    "big.js": {
      "version": "5.2.2",
      "resolved": "https://registry.npmjs.org/big.js/-/big.js-5.2.2.tgz",
      "integrity": "sha512-vyL2OymJxmarO8gxMr0mhChsO9QGwhynfuu4+MHTAW6czfq9humCB7rKpUjDd9YUiDPU4mzpyupFSvOClAwbmQ=="
    },
    "cicada-lang": {
      "version": "0.0.33",
      "resolved": "https://registry.npmjs.org/cicada-lang/-/cicada-lang-0.0.33.tgz",
      "integrity": "sha512-yd7LG+pGZUJ/nN2nwFDFNArx4A/SvdY4UjnsDiNjdEOCT7zWiAdg4sVRBapMLMcpDG4n8Cp40dYHvYwoXEZuLA==",
      "requires": {
        "@babel/runtime-corejs2": "^7.4.5",
        "big.js": "^5.2.2",
        "decimal.js": "^10.2.0",
        "lodash": "^4.17.11",
        "nanoid": "^2.0.3"
      }
    },
    "core-js": {
      "version": "2.6.8",
      "resolved": "https://registry.npmjs.org/core-js/-/core-js-2.6.8.tgz",
      "integrity": "sha512-RWlREFU74TEkdXzyl1bka66O3kYp8jeTXrvJZDzVVMH8AiHUSOFpL1yfhQJ+wHocAm1m+4971W1PPzfLuCv1vg=="
    },
    "decimal.js": {
      "version": "10.2.0",
      "resolved": "https://registry.npmjs.org/decimal.js/-/decimal.js-10.2.0.tgz",
      "integrity": "sha512-vDPw+rDgn3bZe1+F/pyEwb1oMG2XTlRVgAa6B4KccTEpYgF8w6eQllVbQcfIJnZyvzFtFpxnpGtx8dd7DJp/Rw=="
    },
    "lodash": {
      "version": "4.17.11",
      "resolved": "https://registry.npmjs.org/lodash/-/lodash-4.17.11.tgz",
      "integrity": "sha512-cQKh8igo5QUhZ7lg38DYWAxMvjSAKG0A8wGSVimP07SIUEK2UO+arSRKbRZWtelMtN5V0Hkwh5ryOto/SshYIg=="
    },
    "nanoid": {
      "version": "2.0.3",
      "resolved": "https://registry.npmjs.org/nanoid/-/nanoid-2.0.3.tgz",
      "integrity": "sha512-NbaoqdhIYmY6FXDRB4eYtDVC9Z9eCbn8TyaiC16LNKtpPv/aqa0tOPD8y6gNE4yUNnaZ7LLhYtXOev/6+cBtfw=="
    },
    "regenerator-runtime": {
      "version": "0.13.2",
      "resolved": "https://registry.npmjs.org/regenerator-runtime/-/regenerator-runtime-0.13.2.tgz",
      "integrity": "sha512-S/TQAZJO+D3m9xeN1WTI8dLKBBiRgXBlTJvbWjCThHWZj9EvHK70Ff50/tYj2J/fvBY6JtFVwRuazHN2E7M9BA=="
    }
  }
}
