{
  "name": "cicada-examples",
  "version": "0.0.1",
  "lockfileVersion": 1,
  "requires": true,
  "dependencies": {
    "@babel/runtime-corejs2": {
      "version": "7.4.4",
      "resolved": "https://registry.npmjs.org/@babel/runtime-corejs2/-/runtime-corejs2-7.4.4.tgz",
      "integrity": "sha512-hE7oVwVsRws84u5/nkaWWdN2J4SXEGuXKjrAsP0E4nkYImjSbpdHfGTS2nvFc82aDGIuG6OzhAQMpIzTHuZeKA==",
      "requires": {
        "core-js": "^2.6.5",
        "regenerator-runtime": "^0.13.2"
      }
    },
    "@types/assert": {
      "version": "1.4.2",
      "resolved": "https://registry.npmjs.org/@types/assert/-/assert-1.4.2.tgz",
      "integrity": "sha512-N5I8kX4ybqvqi4A+Y8b3coatbuRKWaa+sEPm3aCFdm9oCxsDvwY/ELNV4c/56W5MdRKJ6b8AOWRFyxhi437t7A=="
    },
    "@types/big.js": {
      "version": "4.0.5",
      "resolved": "https://registry.npmjs.org/@types/big.js/-/big.js-4.0.5.tgz",
      "integrity": "sha512-D9KFrAt05FDSqLo7PU9TDHfDgkarlwdkuwFsg7Zm4xl62tTNaz+zN+Tkcdx2wGLBbSMf8BnoMhOVeUGUaJfLKg=="
    },
    "@types/lodash": {
      "version": "4.14.123",
      "resolved": "https://registry.npmjs.org/@types/lodash/-/lodash-4.14.123.tgz",
      "integrity": "sha512-pQvPkc4Nltyx7G1Ww45OjVqUsJP4UsZm+GWJpigXgkikZqJgRm4c48g027o6tdgubWHwFRF15iFd+Y4Pmqv6+Q=="
    },
    "big.js": {
      "version": "5.2.2",
      "resolved": "https://registry.npmjs.org/big.js/-/big.js-5.2.2.tgz",
      "integrity": "sha512-vyL2OymJxmarO8gxMr0mhChsO9QGwhynfuu4+MHTAW6czfq9humCB7rKpUjDd9YUiDPU4mzpyupFSvOClAwbmQ=="
    },
    "cicada-lang": {
      "version": "0.0.28",
      "resolved": "https://registry.npmjs.org/cicada-lang/-/cicada-lang-0.0.28.tgz",
      "integrity": "sha512-VciFKthUQEhxlxEDQv/YoMIM+481HdJhvOBsgXchT8FuDFwsmQ5KtT+xJnKH1GQc7G+PfYb8Cu/awnpKtFh6pA==",
      "requires": {
        "@babel/runtime-corejs2": "^7.4.4",
        "@types/assert": "^1.4.2",
        "@types/big.js": "^4.0.5",
        "@types/lodash": "^4.14.123",
        "big.js": "^5.2.2",
        "decimal.js": "^10.1.1",
        "lodash": "^4.17.11"
      }
    },
    "core-js": {
      "version": "2.6.5",
      "resolved": "https://registry.npmjs.org/core-js/-/core-js-2.6.5.tgz",
      "integrity": "sha512-klh/kDpwX8hryYL14M9w/xei6vrv6sE8gTHDG7/T/+SEovB/G4ejwcfE/CBzO6Edsu+OETZMZ3wcX/EjUkrl5A=="
    },
    "decimal.js": {
      "version": "10.1.1",
      "resolved": "https://registry.npmjs.org/decimal.js/-/decimal.js-10.1.1.tgz",
      "integrity": "sha512-vEEgyk1fWVEnv7lPjkNedAIjzxQDue5Iw4FeX4UkNUDSVyD/jZTD0Bw2kAO7k6iyyJRAhM9oxxI0D1ET6k0Mmg=="
    },
    "lodash": {
      "version": "4.17.11",
      "resolved": "https://registry.npmjs.org/lodash/-/lodash-4.17.11.tgz",
      "integrity": "sha512-cQKh8igo5QUhZ7lg38DYWAxMvjSAKG0A8wGSVimP07SIUEK2UO+arSRKbRZWtelMtN5V0Hkwh5ryOto/SshYIg=="
    },
    "regenerator-runtime": {
      "version": "0.13.2",
      "resolved": "https://registry.npmjs.org/regenerator-runtime/-/regenerator-runtime-0.13.2.tgz",
      "integrity": "sha512-S/TQAZJO+D3m9xeN1WTI8dLKBBiRgXBlTJvbWjCThHWZj9EvHK70Ff50/tYj2J/fvBY6JtFVwRuazHN2E7M9BA=="
    }
  }
}
